<?xml version="1.0" encoding="utf-8"?>
<Project ToolsVersion="4.0" xmlns="http://schemas.microsoft.com/developer/msbuild/2003">
  <ItemGroup>
    <Filter Include="Source Files">
      <UniqueIdentifier>{4FC737F1-C7A5-4376-A066-2A32D752A2FF}</UniqueIdentifier>
      <Extensions>cpp;c;cc;cxx;c++;cppm;ixx;def;odl;idl;hpj;bat;asm;asmx</Extensions>
    </Filter>
    <Filter Include="Header Files">
      <UniqueIdentifier>{93995380-89BD-4b04-88EB-625FBE52EBFB}</UniqueIdentifier>
      <Extensions>h;hh;hpp;hxx;h++;hm;inl;inc;ipp;xsd</Extensions>
    </Filter>
    <Filter Include="Resource Files">
      <UniqueIdentifier>{67DA6AB6-F800-4c08-8B7A-83BB121AAD01}</UniqueIdentifier>
      <Extensions>rc;ico;cur;bmp;dlg;rc2;rct;bin;rgs;gif;jpg;jpeg;jpe;resx;tiff;tif;png;wav;mfcribbon-ms</Extensions>
    </Filter>
    <Filter Include="Data Files">
      <UniqueIdentifier>{196b4fab-08e6-4006-8824-02d2dfffa5b6}</UniqueIdentifier>
    </Filter>
    <Filter Include="Data Files\Fronter">
      <UniqueIdentifier>{35514f0f-913b-410a-bf50-70d68d299a28}</UniqueIdentifier>
    </Filter>
  </ItemGroup>
  <ItemGroup>
    <CopyFileToFolders Include="DataFiles\Fronter\configuration_l_english.yml">
      <Filter>Data Files\Fronter</Filter>
    </CopyFileToFolders>
    <CopyFileToFolders Include="DataFiles\Fronter\configuration_l_french.yml">
      <Filter>Data Files\Fronter</Filter>
    </CopyFileToFolders>
    <CopyFileToFolders Include="DataFiles\Fronter\configuration_l_german.yml">
      <Filter>Data Files\Fronter</Filter>
    </CopyFileToFolders>
    <CopyFileToFolders Include="DataFiles\Fronter\configuration_l_italian.yml">
      <Filter>Data Files\Fronter</Filter>
    </CopyFileToFolders>
    <CopyFileToFolders Include="DataFiles\Fronter\configuration_l_latin.yml">
      <Filter>Data Files\Fronter</Filter>
    </CopyFileToFolders>
    <CopyFileToFolders Include="DataFiles\Fronter\configuration_l_russian.yml">
      <Filter>Data Files\Fronter</Filter>
    </CopyFileToFolders>
    <CopyFileToFolders Include="DataFiles\Fronter\fronter-configuration.txt">
      <Filter>Data Files\Fronter</Filter>
    </CopyFileToFolders>
    <CopyFileToFolders Include="DataFiles\Fronter\fronter-options.txt">
      <Filter>Data Files\Fronter</Filter>
    </CopyFileToFolders>
    <CopyFileToFolders Include="DataFiles\Fronter\options_l_english.yml">
      <Filter>Data Files\Fronter</Filter>
    </CopyFileToFolders>
    <CopyFileToFolders Include="DataFiles\Fronter\options_l_french.yml">
      <Filter>Data Files\Fronter</Filter>
    </CopyFileToFolders>
    <CopyFileToFolders Include="DataFiles\Fronter\options_l_german.yml">
      <Filter>Data Files\Fronter</Filter>
    </CopyFileToFolders>
    <CopyFileToFolders Include="DataFiles\Fronter\options_l_italian.yml">
      <Filter>Data Files\Fronter</Filter>
    </CopyFileToFolders>
    <CopyFileToFolders Include="DataFiles\Fronter\options_l_latin.yml">
      <Filter>Data Files\Fronter</Filter>
    </CopyFileToFolders>
    <CopyFileToFolders Include="DataFiles\Fronter\options_l_russian.yml">
      <Filter>Data Files\Fronter</Filter>
    </CopyFileToFolders>
  </ItemGroup>
</Project>